
Microsoft Visual Studio Solution File, Format Version 12.00
# Visual Studio Version 16
VisualStudioVersion = 16.0.30804.86
MinimumVisualStudioVersion = 10.0.40219.1
Project("{FAE04EC0-301F-11D3-BF4B-00C04F79EFBC}") = "ElevenNote.WebAPI", "ElevenNote.WebAPI\ElevenNote.WebAPI.csproj", "{0CA139DE-1E47-4289-8048-42D81D67F1B8}"
EndProject
Project("{FAE04EC0-301F-11D3-BF4B-00C04F79EFBC}") = "ElevenNote.Data", "ElevenNote.Data\ElevenNote.Data.csproj", "{C5CCE753-C3AE-464E-B336-739AD34AD3A2}"
EndProject
Project("{FAE04EC0-301F-11D3-BF4B-00C04F79EFBC}") = "ElevenNote.Models", "ElevenNote.Models\ElevenNote.Models.csproj", "{401D79EE-74AE-4D18-AF85-6769A04DA59F}"
EndProject
Project("{FAE04EC0-301F-11D3-BF4B-00C04F79EFBC}") = "ElevenNote.Services", "ElevenNote.Services\ElevenNote.Services.csproj", "{251AB8A1-773D-4BDF-B2BE-A3B488EF2D1E}"
EndProject
Global
	GlobalSection(SolutionConfigurationPlatforms) = preSolution
		Debug|Any CPU = Debug|Any CPU
		Release|Any CPU = Release|Any CPU
	EndGlobalSection
	GlobalSection(ProjectConfigurationPlatforms) = postSolution
		{0CA139DE-1E47-4289-8048-42D81D67F1B8}.Debug|Any CPU.ActiveCfg = Debug|Any CPU
		{0CA139DE-1E47-4289-8048-42D81D67F1B8}.Debug|Any CPU.Build.0 = Debug|Any CPU
		{0CA139DE-1E47-4289-8048-42D81D67F1B8}.Release|Any CPU.ActiveCfg = Release|Any CPU
		{0CA139DE-1E47-4289-8048-42D81D67F1B8}.Release|Any CPU.Build.0 = Release|Any CPU
		{C5CCE753-C3AE-464E-B336-739AD34AD3A2}.Debug|Any CPU.ActiveCfg = Debug|Any CPU
		{C5CCE753-C3AE-464E-B336-739AD34AD3A2}.Debug|Any CPU.Build.0 = Debug|Any CPU
		{C5CCE753-C3AE-464E-B336-739AD34AD3A2}.Release|Any CPU.ActiveCfg = Release|Any CPU
		{C5CCE753-C3AE-464E-B336-739AD34AD3A2}.Release|Any CPU.Build.0 = Release|Any CPU
		{401D79EE-74AE-4D18-AF85-6769A04DA59F}.Debug|Any CPU.ActiveCfg = Debug|Any CPU
		{401D79EE-74AE-4D18-AF85-6769A04DA59F}.Debug|Any CPU.Build.0 = Debug|Any CPU
		{401D79EE-74AE-4D18-AF85-6769A04DA59F}.Release|Any CPU.ActiveCfg = Release|Any CPU
		{401D79EE-74AE-4D18-AF85-6769A04DA59F}.Release|Any CPU.Build.0 = Release|Any CPU
		{251AB8A1-773D-4BDF-B2BE-A3B488EF2D1E}.Debug|Any CPU.ActiveCfg = Debug|Any CPU
		{251AB8A1-773D-4BDF-B2BE-A3B488EF2D1E}.Debug|Any CPU.Build.0 = Debug|Any CPU
		{251AB8A1-773D-4BDF-B2BE-A3B488EF2D1E}.Release|Any CPU.ActiveCfg = Release|Any CPU
		{251AB8A1-773D-4BDF-B2BE-A3B488EF2D1E}.Release|Any CPU.Build.0 = Release|Any CPU
	EndGlobalSection
	GlobalSection(SolutionProperties) = preSolution
		HideSolutionNode = FALSE
	EndGlobalSection
	GlobalSection(ExtensibilityGlobals) = postSolution
		SolutionGuid = {E9ECBCC6-7AB8-44C7-BEB6-7DE84E933FB8}
	EndGlobalSection
EndGlobal
